// !$*UTF8*$!
{
	archiveVersion = 1;
	classes = {
	};
	objectVersion = 55;
	objects = {

/* Begin PBXBuildFile section */
		D0784F4D281288AF001D5AB6 /* main.swift in Sources */ = {isa = PBXBuildFile; fileRef = D0784F4C281288AF001D5AB6 /* main.swift */; };
		D0784F5528128A14001D5AB6 /* SRP-Before.swift in Sources */ = {isa = PBXBuildFile; fileRef = D0784F5428128A14001D5AB6 /* SRP-Before.swift */; };
		D0784F5728128A49001D5AB6 /* SRP-After.swift in Sources */ = {isa = PBXBuildFile; fileRef = D0784F5628128A49001D5AB6 /* SRP-After.swift */; };
		D0784F5A28128AB6001D5AB6 /* OCP-Before.swift in Sources */ = {isa = PBXBuildFile; fileRef = D0784F5928128AB6001D5AB6 /* OCP-Before.swift */; };
		D0784F5C28128ADF001D5AB6 /* OCP-After.swift in Sources */ = {isa = PBXBuildFile; fileRef = D0784F5B28128ADF001D5AB6 /* OCP-After.swift */; };
		D0784F5F28128C0F001D5AB6 /* Liskov-Before.swift in Sources */ = {isa = PBXBuildFile; fileRef = D0784F5E28128C0F001D5AB6 /* Liskov-Before.swift */; };
		D0784F6128128C1C001D5AB6 /* Liskov-After.swift in Sources */ = {isa = PBXBuildFile; fileRef = D0784F6028128C1C001D5AB6 /* Liskov-After.swift */; };
		D09E23CE2817F7D000DE48F1 /* ISP-Before.swift in Sources */ = {isa = PBXBuildFile; fileRef = D09E23CD2817F7D000DE48F1 /* ISP-Before.swift */; };
		D09E23D02817F7DD00DE48F1 /* ISP-After.swift in Sources */ = {isa = PBXBuildFile; fileRef = D09E23CF2817F7DD00DE48F1 /* ISP-After.swift */; };
		D09E23D32817F87000DE48F1 /* DIP-Before.swift in Sources */ = {isa = PBXBuildFile; fileRef = D09E23D22817F87000DE48F1 /* DIP-Before.swift */; };
		D09E23D52817F87B00DE48F1 /* DIP-After.swift in Sources */ = {isa = PBXBuildFile; fileRef = D09E23D42817F87B00DE48F1 /* DIP-After.swift */; };
/* End PBXBuildFile section */

/* Begin PBXCopyFilesBuildPhase section */
		D0784F47281288AF001D5AB6 /* CopyFiles */ = {
			isa = PBXCopyFilesBuildPhase;
			buildActionMask = 2147483647;
			dstPath = /usr/share/man/man1/;
			dstSubfolderSpec = 0;
			files = (
			);
			runOnlyForDeploymentPostprocessing = 1;
		};
/* End PBXCopyFilesBuildPhase section */

/* Begin PBXFileReference section */
		D0784F49281288AF001D5AB6 /* SOLID-Principles */ = {isa = PBXFileReference; explicitFileType = "compiled.mach-o.executable"; includeInIndex = 0; path = "SOLID-Principles"; sourceTree = BUILT_PRODUCTS_DIR; };
		D0784F4C281288AF001D5AB6 /* main.swift */ = {isa = PBXFileReference; lastKnownFileType = sourcecode.swift; path = main.swift; sourceTree = "<group>"; };
		D0784F5428128A14001D5AB6 /* SRP-Before.swift */ = {isa = PBXFileReference; lastKnownFileType = sourcecode.swift; path = "SRP-Before.swift"; sourceTree = "<group>"; };
		D0784F5628128A49001D5AB6 /* SRP-After.swift */ = {isa = PBXFileReference; lastKnownFileType = sourcecode.swift; path = "SRP-After.swift"; sourceTree = "<group>"; };
		D0784F5928128AB6001D5AB6 /* OCP-Before.swift */ = {isa = PBXFileReference; lastKnownFileType = sourcecode.swift; path = "OCP-Before.swift"; sourceTree = "<group>"; };
		D0784F5B28128ADF001D5AB6 /* OCP-After.swift */ = {isa = PBXFileReference; lastKnownFileType = sourcecode.swift; path = "OCP-After.swift"; sourceTree = "<group>"; };
		D0784F5E28128C0F001D5AB6 /* Liskov-Before.swift */ = {isa = PBXFileReference; lastKnownFileType = sourcecode.swift; path = "Liskov-Before.swift"; sourceTree = "<group>"; };
		D0784F6028128C1C001D5AB6 /* Liskov-After.swift */ = {isa = PBXFileReference; lastKnownFileType = sourcecode.swift; path = "Liskov-After.swift"; sourceTree = "<group>"; };
		D09E23CD2817F7D000DE48F1 /* ISP-Before.swift */ = {isa = PBXFileReference; lastKnownFileType = sourcecode.swift; path = "ISP-Before.swift"; sourceTree = "<group>"; };
		D09E23CF2817F7DD00DE48F1 /* ISP-After.swift */ = {isa = PBXFileReference; lastKnownFileType = sourcecode.swift; path = "ISP-After.swift"; sourceTree = "<group>"; };
		D09E23D22817F87000DE48F1 /* DIP-Before.swift */ = {isa = PBXFileReference; lastKnownFileType = sourcecode.swift; path = "DIP-Before.swift"; sourceTree = "<group>"; };
		D09E23D42817F87B00DE48F1 /* DIP-After.swift */ = {isa = PBXFileReference; lastKnownFileType = sourcecode.swift; path = "DIP-After.swift"; sourceTree = "<group>"; };
/* End PBXFileReference section */

/* Begin PBXFrameworksBuildPhase section */
		D0784F46281288AF001D5AB6 /* Frameworks */ = {
			isa = PBXFrameworksBuildPhase;
			buildActionMask = 2147483647;
			files = (
			);
			runOnlyForDeploymentPostprocessing = 0;
		};
/* End PBXFrameworksBuildPhase section */

/* Begin PBXGroup section */
		D0784F40281288AF001D5AB6 = {
			isa = PBXGroup;
			children = (
				D0784F4B281288AF001D5AB6 /* SOLID-Principles */,
				D0784F4A281288AF001D5AB6 /* Products */,
			);
			sourceTree = "<group>";
		};
		D0784F4A281288AF001D5AB6 /* Products */ = {
			isa = PBXGroup;
			children = (
				D0784F49281288AF001D5AB6 /* SOLID-Principles */,
			);
			name = Products;
			sourceTree = "<group>";
		};
		D0784F4B281288AF001D5AB6 /* SOLID-Principles */ = {
			isa = PBXGroup;
			children = (
				D0784F53281288BE001D5AB6 /* Single Responsibility */,
				D0784F5828128A89001D5AB6 /* Open-Closed  */,
				D0784F5D28128BD1001D5AB6 /* Liskov Substitution */,
				D09E23CC2817F1C200DE48F1 /* Interface Segregation */,
				D09E23D12817F85700DE48F1 /* Dependency Inversion */,
				D0784F4C281288AF001D5AB6 /* main.swift */,
			);
			path = "SOLID-Principles";
			sourceTree = "<group>";
		};
		D0784F53281288BE001D5AB6 /* Single Responsibility */ = {
			isa = PBXGroup;
			children = (
				D0784F5428128A14001D5AB6 /* SRP-Before.swift */,
				D0784F5628128A49001D5AB6 /* SRP-After.swift */,
			);
			path = "Single Responsibility";
			sourceTree = "<group>";
		};
		D0784F5828128A89001D5AB6 /* Open-Closed  */ = {
			isa = PBXGroup;
			children = (
				D0784F5928128AB6001D5AB6 /* OCP-Before.swift */,
				D0784F5B28128ADF001D5AB6 /* OCP-After.swift */,
			);
			path = "Open-Closed ";
			sourceTree = "<group>";
		};
		D0784F5D28128BD1001D5AB6 /* Liskov Substitution */ = {
			isa = PBXGroup;
			children = (
				D0784F5E28128C0F001D5AB6 /* Liskov-Before.swift */,
				D0784F6028128C1C001D5AB6 /* Liskov-After.swift */,
			);
			path = "Liskov Substitution";
			sourceTree = "<group>";
		};
		D09E23CC2817F1C200DE48F1 /* Interface Segregation */ = {
			isa = PBXGroup;
			children = (
				D09E23CD2817F7D000DE48F1 /* ISP-Before.swift */,
				D09E23CF2817F7DD00DE48F1 /* ISP-After.swift */,
			);
			path = "Interface Segregation";
			sourceTree = "<group>";
		};
		D09E23D12817F85700DE48F1 /* Dependency Inversion */ = {
			isa = PBXGroup;
			children = (
				D09E23D22817F87000DE48F1 /* DIP-Before.swift */,
				D09E23D42817F87B00DE48F1 /* DIP-After.swift */,
			);
			path = "Dependency Inversion";
			sourceTree = "<group>";
		};
/* End PBXGroup section */

/* Begin PBXNativeTarget section */
		D0784F48281288AF001D5AB6 /* SOLID-Principles */ = {
			isa = PBXNativeTarget;
			buildConfigurationList = D0784F50281288AF001D5AB6 /* Build configuration list for PBXNativeTarget "SOLID-Principles" */;
			buildPhases = (
				D0784F45281288AF001D5AB6 /* Sources */,
				D0784F46281288AF001D5AB6 /* Frameworks */,
				D0784F47281288AF001D5AB6 /* CopyFiles */,
			);
			buildRules = (
			);
			dependencies = (
			);
			name = "SOLID-Principles";
			productName = "SOLID-Principles";
			productReference = D0784F49281288AF001D5AB6 /* SOLID-Principles */;
			productType = "com.apple.product-type.tool";
		};
/* End PBXNativeTarget section */

/* Begin PBXProject section */
		D0784F41281288AF001D5AB6 /* Project object */ = {
			isa = PBXProject;
			attributes = {
				BuildIndependentTargetsInParallel = 1;
				LastSwiftUpdateCheck = 1320;
				LastUpgradeCheck = 1320;
				TargetAttributes = {
					D0784F48281288AF001D5AB6 = {
						CreatedOnToolsVersion = 13.2.1;
					};
				};
			};
			buildConfigurationList = D0784F44281288AF001D5AB6 /* Build configuration list for PBXProject "SOLID-Principles" */;
			compatibilityVersion = "Xcode 13.0";
			developmentRegion = en;
			hasScannedForEncodings = 0;
			knownRegions = (
				en,
				Base,
			);
			mainGroup = D0784F40281288AF001D5AB6;
			productRefGroup = D0784F4A281288AF001D5AB6 /* Products */;
			projectDirPath = "";
			projectRoot = "";
			targets = (
				D0784F48281288AF001D5AB6 /* SOLID-Principles */,
			);
		};
/* End PBXProject section */

/* Begin PBXSourcesBuildPhase section */
		D0784F45281288AF001D5AB6 /* Sources */ = {
			isa = PBXSourcesBuildPhase;
			buildActionMask = 2147483647;
			files = (
				D0784F5F28128C0F001D5AB6 /* Liskov-Before.swift in Sources */,
				D09E23D52817F87B00DE48F1 /* DIP-After.swift in Sources */,
				D0784F5728128A49001D5AB6 /* SRP-After.swift in Sources */,
				D09E23D02817F7DD00DE48F1 /* ISP-After.swift in Sources */,
				D0784F5C28128ADF001D5AB6 /* OCP-After.swift in Sources */,
				D0784F5A28128AB6001D5AB6 /* OCP-Before.swift in Sources */,
				D0784F6128128C1C001D5AB6 /* Liskov-After.swift in Sources */,
				D0784F5528128A14001D5AB6 /* SRP-Before.swift in Sources */,
				D0784F4D281288AF001D5AB6 /* main.swift in Sources */,
				D09E23D32817F87000DE48F1 /* DIP-Before.swift in Sources */,
				D09E23CE2817F7D000DE48F1 /* ISP-Before.swift in Sources */,
			);
			runOnlyForDeploymentPostprocessing = 0;
		};
/* End PBXSourcesBuildPhase section */

/* Begin XCBuildConfiguration section */
		D0784F4E281288AF001D5AB6 /* Debug */ = {
			isa = XCBuildConfiguration;
			buildSettings = {
				ALWAYS_SEARCH_USER_PATHS = NO;
				CLANG_ANALYZER_NONNULL = YES;
				CLANG_ANALYZER_NUMBER_OBJECT_CONVERSION = YES_AGGRESSIVE;
				CLANG_CXX_LANGUAGE_STANDARD = "gnu++17";
				CLANG_CXX_LIBRARY = "libc++";
				CLANG_ENABLE_MODULES = YES;
				CLANG_ENABLE_OBJC_ARC = YES;
				CLANG_ENABLE_OBJC_WEAK = YES;
				CLANG_WARN_BLOCK_CAPTURE_AUTORELEASING = YES;
				CLANG_WARN_BOOL_CONVERSION = YES;
				CLANG_WARN_COMMA = YES;
				CLANG_WARN_CONSTANT_CONVERSION = YES;
				CLANG_WARN_DEPRECATED_OBJC_IMPLEMENTATIONS = YES;
				CLANG_WARN_DIRECT_OBJC_ISA_USAGE = YES_ERROR;
				CLANG_WARN_DOCUMENTATION_COMMENTS = YES;
				CLANG_WARN_EMPTY_BODY = YES;
				CLANG_WARN_ENUM_CONVERSION = YES;
				CLANG_WARN_INFINITE_RECURSION = YES;
				CLANG_WARN_INT_CONVERSION = YES;
				CLANG_WARN_NON_LITERAL_NULL_CONVERSION = YES;
				CLANG_WARN_OBJC_IMPLICIT_RETAIN_SELF = YES;
				CLANG_WARN_OBJC_LITERAL_CONVERSION = YES;
				CLANG_WARN_OBJC_ROOT_CLASS = YES_ERROR;
				CLANG_WARN_QUOTED_INCLUDE_IN_FRAMEWORK_HEADER = YES;
				CLANG_WARN_RANGE_LOOP_ANALYSIS = YES;
				CLANG_WARN_STRICT_PROTOTYPES = YES;
				CLANG_WARN_SUSPICIOUS_MOVE = YES;
				CLANG_WARN_UNGUARDED_AVAILABILITY = YES_AGGRESSIVE;
				CLANG_WARN_UNREACHABLE_CODE = YES;
				CLANG_WARN__DUPLICATE_METHOD_MATCH = YES;
				COPY_PHASE_STRIP = NO;
				DEBUG_INFORMATION_FORMAT = dwarf;
				ENABLE_STRICT_OBJC_MSGSEND = YES;
				ENABLE_TESTABILITY = YES;
				GCC_C_LANGUAGE_STANDARD = gnu11;
				GCC_DYNAMIC_NO_PIC = NO;
				GCC_NO_COMMON_BLOCKS = YES;
				GCC_OPTIMIZATION_LEVEL = 0;
				GCC_PREPROCESSOR_DEFINITIONS = (
					"DEBUG=1",
					"$(inherited)",
				);
				GCC_WARN_64_TO_32_BIT_CONVERSION = YES;
				GCC_WARN_ABOUT_RETURN_TYPE = YES_ERROR;
				GCC_WARN_UNDECLARED_SELECTOR = YES;
				GCC_WARN_UNINITIALIZED_AUTOS = YES_AGGRESSIVE;
				GCC_WARN_UNUSED_FUNCTION = YES;
				GCC_WARN_UNUSED_VARIABLE = YES;
				MACOSX_DEPLOYMENT_TARGET = 12.1;
				MTL_ENABLE_DEBUG_INFO = INCLUDE_SOURCE;
				MTL_FAST_MATH = YES;
				ONLY_ACTIVE_ARCH = YES;
				SDKROOT = macosx;
				SWIFT_ACTIVE_COMPILATION_CONDITIONS = DEBUG;
				SWIFT_OPTIMIZATION_LEVEL = "-Onone";
			};
			name = Debug;
		};
		D0784F4F281288AF001D5AB6 /* Release */ = {
			isa = XCBuildConfiguration;
			buildSettings = {
				ALWAYS_SEARCH_USER_PATHS = NO;
				CLANG_ANALYZER_NONNULL = YES;
				CLANG_ANALYZER_NUMBER_OBJECT_CONVERSION = YES_AGGRESSIVE;
				CLANG_CXX_LANGUAGE_STANDARD = "gnu++17";
				CLANG_CXX_LIBRARY = "libc++";
				CLANG_ENABLE_MODULES = YES;
				CLANG_ENABLE_OBJC_ARC = YES;
				CLANG_ENABLE_OBJC_WEAK = YES;
				CLANG_WARN_BLOCK_CAPTURE_AUTORELEASING = YES;
				CLANG_WARN_BOOL_CONVERSION = YES;
				CLANG_WARN_COMMA = YES;
				CLANG_WARN_CONSTANT_CONVERSION = YES;
				CLANG_WARN_DEPRECATED_OBJC_IMPLEMENTATIONS = YES;
				CLANG_WARN_DIRECT_OBJC_ISA_USAGE = YES_ERROR;
				CLANG_WARN_DOCUMENTATION_COMMENTS = YES;
				CLANG_WARN_EMPTY_BODY = YES;
				CLANG_WARN_ENUM_CONVERSION = YES;
				CLANG_WARN_INFINITE_RECURSION = YES;
				CLANG_WARN_INT_CONVERSION = YES;
				CLANG_WARN_NON_LITERAL_NULL_CONVERSION = YES;
				CLANG_WARN_OBJC_IMPLICIT_RETAIN_SELF = YES;
				CLANG_WARN_OBJC_LITERAL_CONVERSION = YES;
				CLANG_WARN_OBJC_ROOT_CLASS = YES_ERROR;
				CLANG_WARN_QUOTED_INCLUDE_IN_FRAMEWORK_HEADER = YES;
				CLANG_WARN_RANGE_LOOP_ANALYSIS = YES;
				CLANG_WARN_STRICT_PROTOTYPES = YES;
				CLANG_WARN_SUSPICIOUS_MOVE = YES;
				CLANG_WARN_UNGUARDED_AVAILABILITY = YES_AGGRESSIVE;
				CLANG_WARN_UNREACHABLE_CODE = YES;
				CLANG_WARN__DUPLICATE_METHOD_MATCH = YES;
				COPY_PHASE_STRIP = NO;
				DEBUG_INFORMATION_FORMAT = "dwarf-with-dsym";
				ENABLE_NS_ASSERTIONS = NO;
				ENABLE_STRICT_OBJC_MSGSEND = YES;
				GCC_C_LANGUAGE_STANDARD = gnu11;
				GCC_NO_COMMON_BLOCKS = YES;
				GCC_WARN_64_TO_32_BIT_CONVERSION = YES;
				GCC_WARN_ABOUT_RETURN_TYPE = YES_ERROR;
				GCC_WARN_UNDECLARED_SELECTOR = YES;
				GCC_WARN_UNINITIALIZED_AUTOS = YES_AGGRESSIVE;
				GCC_WARN_UNUSED_FUNCTION = YES;
				GCC_WARN_UNUSED_VARIABLE = YES;
				MACOSX_DEPLOYMENT_TARGET = 12.1;
				MTL_ENABLE_DEBUG_INFO = NO;
				MTL_FAST_MATH = YES;
				SDKROOT = macosx;
				SWIFT_COMPILATION_MODE = wholemodule;
				SWIFT_OPTIMIZATION_LEVEL = "-O";
			};
			name = Release;
		};
		D0784F51281288AF001D5AB6 /* Debug */ = {
			isa = XCBuildConfiguration;
			buildSettings = {
				CODE_SIGN_STYLE = Automatic;
				DEVELOPMENT_TEAM = 4ADX8QNLG7;
				ENABLE_HARDENED_RUNTIME = YES;
				PRODUCT_NAME = "$(TARGET_NAME)";
				SWIFT_VERSION = 5.0;
			};
			name = Debug;
		};
		D0784F52281288AF001D5AB6 /* Release */ = {
			isa = XCBuildConfiguration;
			buildSettings = {
				CODE_SIGN_STYLE = Automatic;
				DEVELOPMENT_TEAM = 4ADX8QNLG7;
				ENABLE_HARDENED_RUNTIME = YES;
				PRODUCT_NAME = "$(TARGET_NAME)";
				SWIFT_VERSION = 5.0;
			};
			name = Release;
		};
/* End XCBuildConfiguration section */

/* Begin XCConfigurationList section */
		D0784F44281288AF001D5AB6 /* Build configuration list for PBXProject "SOLID-Principles" */ = {
			isa = XCConfigurationList;
			buildConfigurations = (
				D0784F4E281288AF001D5AB6 /* Debug */,
				D0784F4F281288AF001D5AB6 /* Release */,
			);
			defaultConfigurationIsVisible = 0;
			defaultConfigurationName = Release;
		};
		D0784F50281288AF001D5AB6 /* Build configuration list for PBXNativeTarget "SOLID-Principles" */ = {
			isa = XCConfigurationList;
			buildConfigurations = (
				D0784F51281288AF001D5AB6 /* Debug */,
				D0784F52281288AF001D5AB6 /* Release */,
			);
			defaultConfigurationIsVisible = 0;
			defaultConfigurationName = Release;
		};
/* End XCConfigurationList section */
	};
	rootObject = D0784F41281288AF001D5AB6 /* Project object */;
}
